// !$*UTF8*$!
{
	archiveVersion = 1;
	classes = {
	};
	objectVersion = 48;
	objects = {

/* Begin PBXBuildFile section */
		C61036892059DA6300D70744 /* AppDelegate.swift in Sources */ = {isa = PBXBuildFile; fileRef = C61036882059DA6300D70744 /* AppDelegate.swift */; };
		C610368B2059DA6300D70744 /* ViewController.swift in Sources */ = {isa = PBXBuildFile; fileRef = C610368A2059DA6300D70744 /* ViewController.swift */; };
		C610368E2059DA6300D70744 /* Main.storyboard in Resources */ = {isa = PBXBuildFile; fileRef = C610368C2059DA6300D70744 /* Main.storyboard */; };
		C61036902059DA6300D70744 /* Assets.xcassets in Resources */ = {isa = PBXBuildFile; fileRef = C610368F2059DA6300D70744 /* Assets.xcassets */; };
		C61036932059DA6300D70744 /* LaunchScreen.storyboard in Resources */ = {isa = PBXBuildFile; fileRef = C61036912059DA6300D70744 /* LaunchScreen.storyboard */; };
		C610369E2059DA6300D70744 /* PensamentosTests.swift in Sources */ = {isa = PBXBuildFile; fileRef = C610369D2059DA6300D70744 /* PensamentosTests.swift */; };
		C61036A92059DA6300D70744 /* PensamentosUITests.swift in Sources */ = {isa = PBXBuildFile; fileRef = C61036A82059DA6300D70744 /* PensamentosUITests.swift */; };
/* End PBXBuildFile section */

/* Begin PBXContainerItemProxy section */
		C610369A2059DA6300D70744 /* PBXContainerItemProxy */ = {
			isa = PBXContainerItemProxy;
			containerPortal = C610367D2059DA6300D70744 /* Project object */;
			proxyType = 1;
			remoteGlobalIDString = C61036842059DA6300D70744;
			remoteInfo = Pensamentos;
		};
		C61036A52059DA6300D70744 /* PBXContainerItemProxy */ = {
			isa = PBXContainerItemProxy;
			containerPortal = C610367D2059DA6300D70744 /* Project object */;
			proxyType = 1;
			remoteGlobalIDString = C61036842059DA6300D70744;
			remoteInfo = Pensamentos;
		};
/* End PBXContainerItemProxy section */

/* Begin PBXFileReference section */
		C61036852059DA6300D70744 /* Pensamentos.app */ = {isa = PBXFileReference; explicitFileType = wrapper.application; includeInIndex = 0; path = Pensamentos.app; sourceTree = BUILT_PRODUCTS_DIR; };
		C61036882059DA6300D70744 /* AppDelegate.swift */ = {isa = PBXFileReference; lastKnownFileType = sourcecode.swift; path = AppDelegate.swift; sourceTree = "<group>"; };
		C610368A2059DA6300D70744 /* ViewController.swift */ = {isa = PBXFileReference; lastKnownFileType = sourcecode.swift; path = ViewController.swift; sourceTree = "<group>"; };
		C610368D2059DA6300D70744 /* Base */ = {isa = PBXFileReference; lastKnownFileType = file.storyboard; name = Base; path = Base.lproj/Main.storyboard; sourceTree = "<group>"; };
		C610368F2059DA6300D70744 /* Assets.xcassets */ = {isa = PBXFileReference; lastKnownFileType = folder.assetcatalog; path = Assets.xcassets; sourceTree = "<group>"; };
		C61036922059DA6300D70744 /* Base */ = {isa = PBXFileReference; lastKnownFileType = file.storyboard; name = Base; path = Base.lproj/LaunchScreen.storyboard; sourceTree = "<group>"; };
		C61036942059DA6300D70744 /* Info.plist */ = {isa = PBXFileReference; lastKnownFileType = text.plist.xml; path = Info.plist; sourceTree = "<group>"; };
		C61036992059DA6300D70744 /* PensamentosTests.xctest */ = {isa = PBXFileReference; explicitFileType = wrapper.cfbundle; includeInIndex = 0; path = PensamentosTests.xctest; sourceTree = BUILT_PRODUCTS_DIR; };
		C610369D2059DA6300D70744 /* PensamentosTests.swift */ = {isa = PBXFileReference; lastKnownFileType = sourcecode.swift; path = PensamentosTests.swift; sourceTree = "<group>"; };
		C610369F2059DA6300D70744 /* Info.plist */ = {isa = PBXFileReference; lastKnownFileType = text.plist.xml; path = Info.plist; sourceTree = "<group>"; };
		C61036A42059DA6300D70744 /* PensamentosUITests.xctest */ = {isa = PBXFileReference; explicitFileType = wrapper.cfbundle; includeInIndex = 0; path = PensamentosUITests.xctest; sourceTree = BUILT_PRODUCTS_DIR; };
		C61036A82059DA6300D70744 /* PensamentosUITests.swift */ = {isa = PBXFileReference; lastKnownFileType = sourcecode.swift; path = PensamentosUITests.swift; sourceTree = "<group>"; };
		C61036AA2059DA6300D70744 /* Info.plist */ = {isa = PBXFileReference; lastKnownFileType = text.plist.xml; path = Info.plist; sourceTree = "<group>"; };
/* End PBXFileReference section */

/* Begin PBXFrameworksBuildPhase section */
		C61036822059DA6300D70744 /* Frameworks */ = {
			isa = PBXFrameworksBuildPhase;
			buildActionMask = 2147483647;
			files = (
			);
			runOnlyForDeploymentPostprocessing = 0;
		};
		C61036962059DA6300D70744 /* Frameworks */ = {
			isa = PBXFrameworksBuildPhase;
			buildActionMask = 2147483647;
			files = (
			);
			runOnlyForDeploymentPostprocessing = 0;
		};
		C61036A12059DA6300D70744 /* Frameworks */ = {
			isa = PBXFrameworksBuildPhase;
			buildActionMask = 2147483647;
			files = (
			);
			runOnlyForDeploymentPostprocessing = 0;
		};
/* End PBXFrameworksBuildPhase section */

/* Begin PBXGroup section */
		C610367C2059DA6300D70744 = {
			isa = PBXGroup;
			children = (
				C61036872059DA6300D70744 /* Pensamentos */,
				C610369C2059DA6300D70744 /* PensamentosTests */,
				C61036A72059DA6300D70744 /* PensamentosUITests */,
				C61036862059DA6300D70744 /* Products */,
			);
			sourceTree = "<group>";
		};
		C61036862059DA6300D70744 /* Products */ = {
			isa = PBXGroup;
			children = (
				C61036852059DA6300D70744 /* Pensamentos.app */,
				C61036992059DA6300D70744 /* PensamentosTests.xctest */,
				C61036A42059DA6300D70744 /* PensamentosUITests.xctest */,
			);
			name = Products;
			sourceTree = "<group>";
		};
		C61036872059DA6300D70744 /* Pensamentos */ = {
			isa = PBXGroup;
			children = (
				C61036882059DA6300D70744 /* AppDelegate.swift */,
				C610368A2059DA6300D70744 /* ViewController.swift */,
				C610368C2059DA6300D70744 /* Main.storyboard */,
				C610368F2059DA6300D70744 /* Assets.xcassets */,
				C61036912059DA6300D70744 /* LaunchScreen.storyboard */,
				C61036942059DA6300D70744 /* Info.plist */,
			);
			path = Pensamentos;
			sourceTree = "<group>";
		};
		C610369C2059DA6300D70744 /* PensamentosTests */ = {
			isa = PBXGroup;
			children = (
				C610369D2059DA6300D70744 /* PensamentosTests.swift */,
				C610369F2059DA6300D70744 /* Info.plist */,
			);
			path = PensamentosTests;
			sourceTree = "<group>";
		};
		C61036A72059DA6300D70744 /* PensamentosUITests */ = {
			isa = PBXGroup;
			children = (
				C61036A82059DA6300D70744 /* PensamentosUITests.swift */,
				C61036AA2059DA6300D70744 /* Info.plist */,
			);
			path = PensamentosUITests;
			sourceTree = "<group>";
		};
/* End PBXGroup section */

/* Begin PBXNativeTarget section */
		C61036842059DA6300D70744 /* Pensamentos */ = {
			isa = PBXNativeTarget;
			buildConfigurationList = C61036AD2059DA6300D70744 /* Build configuration list for PBXNativeTarget "Pensamentos" */;
			buildPhases = (
				C61036812059DA6300D70744 /* Sources */,
				C61036822059DA6300D70744 /* Frameworks */,
				C61036832059DA6300D70744 /* Resources */,
			);
			buildRules = (
			);
			dependencies = (
			);
			name = Pensamentos;
			productName = Pensamentos;
			productReference = C61036852059DA6300D70744 /* Pensamentos.app */;
			productType = "com.apple.product-type.application";
		};
		C61036982059DA6300D70744 /* PensamentosTests */ = {
			isa = PBXNativeTarget;
			buildConfigurationList = C61036B02059DA6300D70744 /* Build configuration list for PBXNativeTarget "PensamentosTests" */;
			buildPhases = (
				C61036952059DA6300D70744 /* Sources */,
				C61036962059DA6300D70744 /* Frameworks */,
				C61036972059DA6300D70744 /* Resources */,
			);
			buildRules = (
			);
			dependencies = (
				C610369B2059DA6300D70744 /* PBXTargetDependency */,
			);
			name = PensamentosTests;
			productName = PensamentosTests;
			productReference = C61036992059DA6300D70744 /* PensamentosTests.xctest */;
			productType = "com.apple.product-type.bundle.unit-test";
		};
		C61036A32059DA6300D70744 /* PensamentosUITests */ = {
			isa = PBXNativeTarget;
			buildConfigurationList = C61036B32059DA6300D70744 /* Build configuration list for PBXNativeTarget "PensamentosUITests" */;
			buildPhases = (
				C61036A02059DA6300D70744 /* Sources */,
				C61036A12059DA6300D70744 /* Frameworks */,
				C61036A22059DA6300D70744 /* Resources */,
			);
			buildRules = (
			);
			dependencies = (
				C61036A62059DA6300D70744 /* PBXTargetDependency */,
			);
			name = PensamentosUITests;
			productName = PensamentosUITests;
			productReference = C61036A42059DA6300D70744 /* PensamentosUITests.xctest */;
			productType = "com.apple.product-type.bundle.ui-testing";
		};
/* End PBXNativeTarget section */

/* Begin PBXProject section */
		C610367D2059DA6300D70744 /* Project object */ = {
			isa = PBXProject;
			attributes = {
				LastSwiftUpdateCheck = 0920;
				LastUpgradeCheck = 0920;
				ORGANIZATIONNAME = GeekersCorp;
				TargetAttributes = {
					C61036842059DA6300D70744 = {
						CreatedOnToolsVersion = 9.2;
						ProvisioningStyle = Automatic;
					};
					C61036982059DA6300D70744 = {
						CreatedOnToolsVersion = 9.2;
						ProvisioningStyle = Automatic;
						TestTargetID = C61036842059DA6300D70744;
					};
					C61036A32059DA6300D70744 = {
						CreatedOnToolsVersion = 9.2;
						ProvisioningStyle = Automatic;
						TestTargetID = C61036842059DA6300D70744;
					};
				};
			};
			buildConfigurationList = C61036802059DA6300D70744 /* Build configuration list for PBXProject "Pensamentos" */;
			compatibilityVersion = "Xcode 8.0";
			developmentRegion = en;
			hasScannedForEncodings = 0;
			knownRegions = (
				en,
				Base,
			);
			mainGroup = C610367C2059DA6300D70744;
			productRefGroup = C61036862059DA6300D70744 /* Products */;
			projectDirPath = "";
			projectRoot = "";
			targets = (
				C61036842059DA6300D70744 /* Pensamentos */,
				C61036982059DA6300D70744 /* PensamentosTests */,
				C61036A32059DA6300D70744 /* PensamentosUITests */,
			);
		};
/* End PBXProject section */

/* Begin PBXResourcesBuildPhase section */
		C61036832059DA6300D70744 /* Resources */ = {
			isa = PBXResourcesBuildPhase;
			buildActionMask = 2147483647;
			files = (
				C61036932059DA6300D70744 /* LaunchScreen.storyboard in Resources */,
				C61036902059DA6300D70744 /* Assets.xcassets in Resources */,
				C610368E2059DA6300D70744 /* Main.storyboard in Resources */,
			);
			runOnlyForDeploymentPostprocessing = 0;
		};
		C61036972059DA6300D70744 /* Resources */ = {
			isa = PBXResourcesBuildPhase;
			buildActionMask = 2147483647;
			files = (
			);
			runOnlyForDeploymentPostprocessing = 0;
		};
		C61036A22059DA6300D70744 /* Resources */ = {
			isa = PBXResourcesBuildPhase;
			buildActionMask = 2147483647;
			files = (
			);
			runOnlyForDeploymentPostprocessing = 0;
		};
/* End PBXResourcesBuildPhase section */

/* Begin PBXSourcesBuildPhase section */
		C61036812059DA6300D70744 /* Sources */ = {
			isa = PBXSourcesBuildPhase;
			buildActionMask = 2147483647;
			files = (
				C610368B2059DA6300D70744 /* ViewController.swift in Sources */,
				C61036892059DA6300D70744 /* AppDelegate.swift in Sources */,
			);
			runOnlyForDeploymentPostprocessing = 0;
		};
		C61036952059DA6300D70744 /* Sources */ = {
			isa = PBXSourcesBuildPhase;
			buildActionMask = 2147483647;
			files = (
				C610369E2059DA6300D70744 /* PensamentosTests.swift in Sources */,
			);
			runOnlyForDeploymentPostprocessing = 0;
		};
		C61036A02059DA6300D70744 /* Sources */ = {
			isa = PBXSourcesBuildPhase;
			buildActionMask = 2147483647;
			files = (
				C61036A92059DA6300D70744 /* PensamentosUITests.swift in Sources */,
			);
			runOnlyForDeploymentPostprocessing = 0;
		};
/* End PBXSourcesBuildPhase section */

/* Begin PBXTargetDependency section */
		C610369B2059DA6300D70744 /* PBXTargetDependency */ = {
			isa = PBXTargetDependency;
			target = C61036842059DA6300D70744 /* Pensamentos */;
			targetProxy = C610369A2059DA6300D70744 /* PBXContainerItemProxy */;
		};
		C61036A62059DA6300D70744 /* PBXTargetDependency */ = {
			isa = PBXTargetDependency;
			target = C61036842059DA6300D70744 /* Pensamentos */;
			targetProxy = C61036A52059DA6300D70744 /* PBXContainerItemProxy */;
		};
/* End PBXTargetDependency section */

/* Begin PBXVariantGroup section */
		C610368C2059DA6300D70744 /* Main.storyboard */ = {
			isa = PBXVariantGroup;
			children = (
				C610368D2059DA6300D70744 /* Base */,
			);
			name = Main.storyboard;
			sourceTree = "<group>";
		};
		C61036912059DA6300D70744 /* LaunchScreen.storyboard */ = {
			isa = PBXVariantGroup;
			children = (
				C61036922059DA6300D70744 /* Base */,
			);
			name = LaunchScreen.storyboard;
			sourceTree = "<group>";
		};
/* End PBXVariantGroup section */

/* Begin XCBuildConfiguration section */
		C61036AB2059DA6300D70744 /* Debug */ = {
			isa = XCBuildConfiguration;
			buildSettings = {
				ALWAYS_SEARCH_USER_PATHS = NO;
				CLANG_ANALYZER_NONNULL = YES;
				CLANG_ANALYZER_NUMBER_OBJECT_CONVERSION = YES_AGGRESSIVE;
				CLANG_CXX_LANGUAGE_STANDARD = "gnu++14";
				CLANG_CXX_LIBRARY = "libc++";
				CLANG_ENABLE_MODULES = YES;
				CLANG_ENABLE_OBJC_ARC = YES;
				CLANG_WARN_BLOCK_CAPTURE_AUTORELEASING = YES;
				CLANG_WARN_BOOL_CONVERSION = YES;
				CLANG_WARN_COMMA = YES;
				CLANG_WARN_CONSTANT_CONVERSION = YES;
				CLANG_WARN_DIRECT_OBJC_ISA_USAGE = YES_ERROR;
				CLANG_WARN_DOCUMENTATION_COMMENTS = YES;
				CLANG_WARN_EMPTY_BODY = YES;
				CLANG_WARN_ENUM_CONVERSION = YES;
				CLANG_WARN_INFINITE_RECURSION = YES;
				CLANG_WARN_INT_CONVERSION = YES;
				CLANG_WARN_NON_LITERAL_NULL_CONVERSION = YES;
				CLANG_WARN_OBJC_LITERAL_CONVERSION = YES;
				CLANG_WARN_OBJC_ROOT_CLASS = YES_ERROR;
				CLANG_WARN_RANGE_LOOP_ANALYSIS = YES;
				CLANG_WARN_STRICT_PROTOTYPES = YES;
				CLANG_WARN_SUSPICIOUS_MOVE = YES;
				CLANG_WARN_UNGUARDED_AVAILABILITY = YES_AGGRESSIVE;
				CLANG_WARN_UNREACHABLE_CODE = YES;
				CLANG_WARN__DUPLICATE_METHOD_MATCH = YES;
				CODE_SIGN_IDENTITY = "iPhone Developer";
				COPY_PHASE_STRIP = NO;
				DEBUG_INFORMATION_FORMAT = dwarf;
				ENABLE_STRICT_OBJC_MSGSEND = YES;
				ENABLE_TESTABILITY = YES;
				GCC_C_LANGUAGE_STANDARD = gnu11;
				GCC_DYNAMIC_NO_PIC = NO;
				GCC_NO_COMMON_BLOCKS = YES;
				GCC_OPTIMIZATION_LEVEL = 0;
				GCC_PREPROCESSOR_DEFINITIONS = (
					"DEBUG=1",
					"$(inherited)",
				);
				GCC_WARN_64_TO_32_BIT_CONVERSION = YES;
				GCC_WARN_ABOUT_RETURN_TYPE = YES_ERROR;
				GCC_WARN_UNDECLARED_SELECTOR = YES;
				GCC_WARN_UNINITIALIZED_AUTOS = YES_AGGRESSIVE;
				GCC_WARN_UNUSED_FUNCTION = YES;
				GCC_WARN_UNUSED_VARIABLE = YES;
				IPHONEOS_DEPLOYMENT_TARGET = 11.2;
				MTL_ENABLE_DEBUG_INFO = YES;
				ONLY_ACTIVE_ARCH = YES;
				SDKROOT = iphoneos;
				SWIFT_ACTIVE_COMPILATION_CONDITIONS = DEBUG;
				SWIFT_OPTIMIZATION_LEVEL = "-Onone";
			};
			name = Debug;
		};
		C61036AC2059DA6300D70744 /* Release */ = {
			isa = XCBuildConfiguration;
			buildSettings = {
				ALWAYS_SEARCH_USER_PATHS = NO;
				CLANG_ANALYZER_NONNULL = YES;
				CLANG_ANALYZER_NUMBER_OBJECT_CONVERSION = YES_AGGRESSIVE;
				CLANG_CXX_LANGUAGE_STANDARD = "gnu++14";
				CLANG_CXX_LIBRARY = "libc++";
				CLANG_ENABLE_MODULES = YES;
				CLANG_ENABLE_OBJC_ARC = YES;
				CLANG_WARN_BLOCK_CAPTURE_AUTORELEASING = YES;
				CLANG_WARN_BOOL_CONVERSION = YES;
				CLANG_WARN_COMMA = YES;
				CLANG_WARN_CONSTANT_CONVERSION = YES;
				CLANG_WARN_DIRECT_OBJC_ISA_USAGE = YES_ERROR;
				CLANG_WARN_DOCUMENTATION_COMMENTS = YES;
				CLANG_WARN_EMPTY_BODY = YES;
				CLANG_WARN_ENUM_CONVERSION = YES;
				CLANG_WARN_INFINITE_RECURSION = YES;
				CLANG_WARN_INT_CONVERSION = YES;
				CLANG_WARN_NON_LITERAL_NULL_CONVERSION = YES;
				CLANG_WARN_OBJC_LITERAL_CONVERSION = YES;
				CLANG_WARN_OBJC_ROOT_CLASS = YES_ERROR;
				CLANG_WARN_RANGE_LOOP_ANALYSIS = YES;
				CLANG_WARN_STRICT_PROTOTYPES = YES;
				CLANG_WARN_SUSPICIOUS_MOVE = YES;
				CLANG_WARN_UNGUARDED_AVAILABILITY = YES_AGGRESSIVE;
				CLANG_WARN_UNREACHABLE_CODE = YES;
				CLANG_WARN__DUPLICATE_METHOD_MATCH = YES;
				CODE_SIGN_IDENTITY = "iPhone Developer";
				COPY_PHASE_STRIP = NO;
				DEBUG_INFORMATION_FORMAT = "dwarf-with-dsym";
				ENABLE_NS_ASSERTIONS = NO;
				ENABLE_STRICT_OBJC_MSGSEND = YES;
				GCC_C_LANGUAGE_STANDARD = gnu11;
				GCC_NO_COMMON_BLOCKS = YES;
				GCC_WARN_64_TO_32_BIT_CONVERSION = YES;
				GCC_WARN_ABOUT_RETURN_TYPE = YES_ERROR;
				GCC_WARN_UNDECLARED_SELECTOR = YES;
				GCC_WARN_UNINITIALIZED_AUTOS = YES_AGGRESSIVE;
				GCC_WARN_UNUSED_FUNCTION = YES;
				GCC_WARN_UNUSED_VARIABLE = YES;
				IPHONEOS_DEPLOYMENT_TARGET = 11.2;
				MTL_ENABLE_DEBUG_INFO = NO;
				SDKROOT = iphoneos;
				SWIFT_OPTIMIZATION_LEVEL = "-Owholemodule";
				VALIDATE_PRODUCT = YES;
			};
			name = Release;
		};
		C61036AE2059DA6300D70744 /* Debug */ = {
			isa = XCBuildConfiguration;
			buildSettings = {
				ASSETCATALOG_COMPILER_APPICON_NAME = AppIcon;
				CODE_SIGN_STYLE = Automatic;
				DEVELOPMENT_TEAM = 6HT8E7PD9B;
				INFOPLIST_FILE = Pensamentos/Info.plist;
				LD_RUNPATH_SEARCH_PATHS = "$(inherited) @executable_path/Frameworks";
				PRODUCT_BUNDLE_IDENTIFIER = br.com.geekerscorp.Pensamentos;
				PRODUCT_NAME = "$(TARGET_NAME)";
				SWIFT_VERSION = 4.0;
				TARGETED_DEVICE_FAMILY = "1,2";
			};
			name = Debug;
		};
		C61036AF2059DA6300D70744 /* Release */ = {
			isa = XCBuildConfiguration;
			buildSettings = {
				ASSETCATALOG_COMPILER_APPICON_NAME = AppIcon;
				CODE_SIGN_STYLE = Automatic;
				DEVELOPMENT_TEAM = 6HT8E7PD9B;
				INFOPLIST_FILE = Pensamentos/Info.plist;
				LD_RUNPATH_SEARCH_PATHS = "$(inherited) @executable_path/Frameworks";
				PRODUCT_BUNDLE_IDENTIFIER = br.com.geekerscorp.Pensamentos;
				PRODUCT_NAME = "$(TARGET_NAME)";
				SWIFT_VERSION = 4.0;
				TARGETED_DEVICE_FAMILY = "1,2";
			};
			name = Release;
		};
		C61036B12059DA6300D70744 /* Debug */ = {
			isa = XCBuildConfiguration;
			buildSettings = {
				ALWAYS_EMBED_SWIFT_STANDARD_LIBRARIES = YES;
				BUNDLE_LOADER = "$(TEST_HOST)";
				CODE_SIGN_STYLE = Automatic;
				INFOPLIST_FILE = PensamentosTests/Info.plist;
				LD_RUNPATH_SEARCH_PATHS = "$(inherited) @executable_path/Frameworks @loader_path/Frameworks";
				PRODUCT_BUNDLE_IDENTIFIER = br.com.geekerscorp.PensamentosTests;
				PRODUCT_NAME = "$(TARGET_NAME)";
				SWIFT_VERSION = 4.0;
				TARGETED_DEVICE_FAMILY = "1,2";
				TEST_HOST = "$(BUILT_PRODUCTS_DIR)/Pensamentos.app/Pensamentos";
			};
			name = Debug;
		};
		C61036B22059DA6300D70744 /* Release */ = {
			isa = XCBuildConfiguration;
			buildSettings = {
				ALWAYS_EMBED_SWIFT_STANDARD_LIBRARIES = YES;
				BUNDLE_LOADER = "$(TEST_HOST)";
				CODE_SIGN_STYLE = Automatic;
				INFOPLIST_FILE = PensamentosTests/Info.plist;
				LD_RUNPATH_SEARCH_PATHS = "$(inherited) @executable_path/Frameworks @loader_path/Frameworks";
				PRODUCT_BUNDLE_IDENTIFIER = br.com.geekerscorp.PensamentosTests;
				PRODUCT_NAME = "$(TARGET_NAME)";
				SWIFT_VERSION = 4.0;
				TARGETED_DEVICE_FAMILY = "1,2";
				TEST_HOST = "$(BUILT_PRODUCTS_DIR)/Pensamentos.app/Pensamentos";
			};
			name = Release;
		};
		C61036B42059DA6300D70744 /* Debug */ = {
			isa = XCBuildConfiguration;
			buildSettings = {
				ALWAYS_EMBED_SWIFT_STANDARD_LIBRARIES = YES;
				CODE_SIGN_STYLE = Automatic;
				INFOPLIST_FILE = PensamentosUITests/Info.plist;
				LD_RUNPATH_SEARCH_PATHS = "$(inherited) @executable_path/Frameworks @loader_path/Frameworks";
				PRODUCT_BUNDLE_IDENTIFIER = br.com.geekerscorp.PensamentosUITests;
				PRODUCT_NAME = "$(TARGET_NAME)";
				SWIFT_VERSION = 4.0;
				TARGETED_DEVICE_FAMILY = "1,2";
				TEST_TARGET_NAME = Pensamentos;
			};
			name = Debug;
		};
		C61036B52059DA6300D70744 /* Release */ = {
			isa = XCBuildConfiguration;
			buildSettings = {
				ALWAYS_EMBED_SWIFT_STANDARD_LIBRARIES = YES;
				CODE_SIGN_STYLE = Automatic;
				INFOPLIST_FILE = PensamentosUITests/Info.plist;
				LD_RUNPATH_SEARCH_PATHS = "$(inherited) @executable_path/Frameworks @loader_path/Frameworks";
				PRODUCT_BUNDLE_IDENTIFIER = br.com.geekerscorp.PensamentosUITests;
				PRODUCT_NAME = "$(TARGET_NAME)";
				SWIFT_VERSION = 4.0;
				TARGETED_DEVICE_FAMILY = "1,2";
				TEST_TARGET_NAME = Pensamentos;
			};
			name = Release;
		};
/* End XCBuildConfiguration section */

/* Begin XCConfigurationList section */
		C61036802059DA6300D70744 /* Build configuration list for PBXProject "Pensamentos" */ = {
			isa = XCConfigurationList;
			buildConfigurations = (
				C61036AB2059DA6300D70744 /* Debug */,
				C61036AC2059DA6300D70744 /* Release */,
			);
			defaultConfigurationIsVisible = 0;
			defaultConfigurationName = Release;
		};
		C61036AD2059DA6300D70744 /* Build configuration list for PBXNativeTarget "Pensamentos" */ = {
			isa = XCConfigurationList;
			buildConfigurations = (
				C61036AE2059DA6300D70744 /* Debug */,
				C61036AF2059DA6300D70744 /* Release */,
			);
			defaultConfigurationIsVisible = 0;
			defaultConfigurationName = Release;
		};
		C61036B02059DA6300D70744 /* Build configuration list for PBXNativeTarget "PensamentosTests" */ = {
			isa = XCConfigurationList;
			buildConfigurations = (
				C61036B12059DA6300D70744 /* Debug */,
				C61036B22059DA6300D70744 /* Release */,
			);
			defaultConfigurationIsVisible = 0;
			defaultConfigurationName = Release;
		};
		C61036B32059DA6300D70744 /* Build configuration list for PBXNativeTarget "PensamentosUITests" */ = {
			isa = XCConfigurationList;
			buildConfigurations = (
				C61036B42059DA6300D70744 /* Debug */,
				C61036B52059DA6300D70744 /* Release */,
			);
			defaultConfigurationIsVisible = 0;
			defaultConfigurationName = Release;
		};
/* End XCConfigurationList section */
	};
	rootObject = C610367D2059DA6300D70744 /* Project object */;
}
